
Microsoft Visual Studio Solution File, Format Version 12.00
# Visual Studio Version 16
VisualStudioVersion = 16.0.28922.388
MinimumVisualStudioVersion = 10.0.40219.1
Project("{2150E333-8FDC-42A3-9474-1A3956D46DE8}") = "Platform", "Platform", "{D494C3BD-C224-4F0B-9F80-E557C5004D34}"
EndProject
Project("{2150E333-8FDC-42A3-9474-1A3956D46DE8}") = "Adapters", "Adapters", "{18152690-993E-4346-90BB-C099982229F5}"
EndProject
Project("{9A19103F-16F7-4668-BE54-9A1E7A4F7556}") = "Allors.Adapters.Memory", "allors\Platform\Adapters\Allors.Adapters.Memory\Allors.Adapters.Memory.csproj", "{1D5F98CA-F091-47B3-9C88-058A765404C8}"
EndProject
Project("{9A19103F-16F7-4668-BE54-9A1E7A4F7556}") = "Allors.Adapters.Object.Npgsql", "allors\Platform\Adapters\Allors.Adapters.Object.Npgsql\Allors.Adapters.Object.Npgsql.csproj", "{DB4EA9DA-6972-427A-9D55-B1F45E6E0E44}"
EndProject
Project("{9A19103F-16F7-4668-BE54-9A1E7A4F7556}") = "Allors.Adapters.Object.SqlClient", "allors\Platform\Adapters\Allors.Adapters.Object.SqlClient\Allors.Adapters.Object.SqlClient.csproj", "{8514ADD6-BA50-4F48-8257-F50556DE6319}"
EndProject
Project("{2150E333-8FDC-42A3-9474-1A3956D46DE8}") = "Framework", "Framework", "{3B8D3499-3717-4D22-9038-03FFB26F96B0}"
EndProject
Project("{9A19103F-16F7-4668-BE54-9A1E7A4F7556}") = "Allors.Database", "allors\Platform\Framework\Allors.Database\Allors.Database.csproj", "{AE50E9CB-1536-49DD-B57A-AC770AD92FAE}"
EndProject
Project("{9A19103F-16F7-4668-BE54-9A1E7A4F7556}") = "Allors.Protocol", "allors\Platform\Framework\Allors.Protocol\Allors.Protocol.csproj", "{4CC90D31-775E-4A0E-8183-1ED53270D14D}"
EndProject
Project("{9A19103F-16F7-4668-BE54-9A1E7A4F7556}") = "Allors.Workspace", "allors\Platform\Framework\Allors.Workspace\Allors.Workspace.csproj", "{B01846A2-2E2B-4676-BE34-F9E14442F80F}"
EndProject
Project("{2150E333-8FDC-42A3-9474-1A3956D46DE8}") = "Repository", "Repository", "{3FE56C6E-7BA5-43FE-8F63-EDCCE0E9320B}"
EndProject
Project("{9A19103F-16F7-4668-BE54-9A1E7A4F7556}") = "Allors.Repository", "allors\Platform\Repository\Allors.Repository\Allors.Repository.csproj", "{1ABE8E67-974F-4F03-A342-FFF0326A5B33}"
EndProject
Project("{9A19103F-16F7-4668-BE54-9A1E7A4F7556}") = "Attributes", "allors\Platform\Repository\Domain\Attributes.csproj", "{3D0C461F-487A-416A-9363-CC7F2DB61742}"
EndProject
Project("{9A19103F-16F7-4668-BE54-9A1E7A4F7556}") = "Generate", "allors\Platform\Repository\Generate\Generate.csproj", "{426E293B-83D5-4D88-9CBF-E8A7F8C598B3}"
EndProject
Project("{2150E333-8FDC-42A3-9474-1A3956D46DE8}") = "Custom", "Custom", "{9081C2AF-C6B1-4713-B77F-84C5FBA250BA}"
EndProject
Project("{2150E333-8FDC-42A3-9474-1A3956D46DE8}") = "Database", "Database", "{B44B0DF2-979E-4BEE-B1E4-3B1928B23638}"
EndProject
Project("{2150E333-8FDC-42A3-9474-1A3956D46DE8}") = "Repository", "Repository", "{2E1072E0-A634-4F28-ACE6-B45E05BFEC8B}"
EndProject
Project("{2150E333-8FDC-42A3-9474-1A3956D46DE8}") = "Workspace", "Workspace", "{5CFB382A-20C4-4031-A42B-5B4AFD6501DD}"
EndProject
Project("{9A19103F-16F7-4668-BE54-9A1E7A4F7556}") = "Commands", "custom\Database\Commands\Commands.csproj", "{D9846BFF-C6F0-4C63-A630-BE0AAEBF7D5A}"
EndProject
Project("{9A19103F-16F7-4668-BE54-9A1E7A4F7556}") = "Domain", "custom\Database\Domain\Domain.csproj", "{827BFEBC-F8FC-48ED-8FF4-866E9EB894B2}"
EndProject
Project("{9A19103F-16F7-4668-BE54-9A1E7A4F7556}") = "Domain.Tests", "custom\Database\Domain.Tests\Domain.Tests.csproj", "{42E5FFD6-B902-4563-9C57-9A9CC158F2B4}"
EndProject
Project("{9A19103F-16F7-4668-BE54-9A1E7A4F7556}") = "Generate", "custom\Database\Generate\Generate.csproj", "{F92DFA69-3FDA-450C-874F-2E195879D043}"
EndProject
Project("{9A19103F-16F7-4668-BE54-9A1E7A4F7556}") = "Meta", "custom\Database\Meta\Meta.csproj", "{809F36E5-F7A2-4946-A369-B845F90DD9EE}"
EndProject
Project("{9A19103F-16F7-4668-BE54-9A1E7A4F7556}") = "Resources", "custom\Database\Resources\Resources.csproj", "{AEA025F1-5304-45AD-B1F1-7F7973EE6AED}"
EndProject
Project("{9A19103F-16F7-4668-BE54-9A1E7A4F7556}") = "Server", "custom\Database\Server\Server.csproj", "{355E2992-2F7F-4177-9759-D43CA273904F}"
EndProject
Project("{9A19103F-16F7-4668-BE54-9A1E7A4F7556}") = "Services", "custom\Database\Services\Services.csproj", "{3EBD9227-C581-41D3-94B2-6CBFF3A91E10}"
EndProject
Project("{9A19103F-16F7-4668-BE54-9A1E7A4F7556}") = "Repository", "custom\Repository\Domain\Repository.csproj", "{16D8DE42-25F5-4FD9-87D4-0FB1ABFA3EE2}"
EndProject
Project("{2150E333-8FDC-42A3-9474-1A3956D46DE8}") = "CSharp", "CSharp", "{61462C79-870D-431C-A212-D848B343C519}"
EndProject
Project("{2150E333-8FDC-42A3-9474-1A3956D46DE8}") = "Typescript", "Typescript", "{7C623494-950E-4944-8CC3-975A3D28EE08}"
EndProject
Project("{2150E333-8FDC-42A3-9474-1A3956D46DE8}") = "Autotest", "Autotest", "{0503DA85-E705-4AE1-9456-33FE4869F4A8}"
EndProject
Project("{9A19103F-16F7-4668-BE54-9A1E7A4F7556}") = "Workspace.Domain", "custom\Workspace\CSharp\Domain\Workspace.Domain.csproj", "{71278842-0445-4429-801A-CBE039A31F9E}"
EndProject
Project("{9A19103F-16F7-4668-BE54-9A1E7A4F7556}") = "Workspace.Meta", "custom\Workspace\CSharp\Meta\Workspace.Meta.csproj", "{75B2E52A-C4B9-49A2-9296-EDEA1F985149}"
EndProject
Project("{FAE04EC0-301F-11D3-BF4B-00C04F79EFBC}") = "ExcelAddIn", "custom\Workspace\CSharp\ExcelAddIn\ExcelAddIn.csproj", "{E5C2C561-3ADD-41E0-BBA4-04D682519F17}"
EndProject
Project("{9A19103F-16F7-4668-BE54-9A1E7A4F7556}") = "Generate", "custom\Workspace\Typescript\Autotest\Generate\Generate.csproj", "{4EB4F244-DB88-4132-9469-D8879E7E286E}"
EndProject
Project("{9A19103F-16F7-4668-BE54-9A1E7A4F7556}") = "Model", "custom\Workspace\Typescript\Autotest\Model\Model.csproj", "{6DA57F66-6E59-43B9-A196-A903D6E49148}"
EndProject
Project("{9A19103F-16F7-4668-BE54-9A1E7A4F7556}") = "Intranet.Tests", "custom\Workspace\Typescript\Intranet.Tests\Intranet.Tests.csproj", "{779633DE-AE34-460E-B066-900907EC68D5}"
EndProject
Project("{2150E333-8FDC-42A3-9474-1A3956D46DE8}") = "Base", "Base", "{168A84A7-21AD-4CC5-BFE5-2B9CE1483207}"
EndProject
Project("{2150E333-8FDC-42A3-9474-1A3956D46DE8}") = "Database", "Database", "{18C96EC4-E1F8-43EA-833F-1B663F85CA07}"
EndProject
Project("{2150E333-8FDC-42A3-9474-1A3956D46DE8}") = "Document", "Document", "{6526CCCB-BFEF-4EFD-8E52-CC617661989D}"
EndProject
Project("{9A19103F-16F7-4668-BE54-9A1E7A4F7556}") = "Allors.Document", "allors\Base\Database\Document\Allors.Document\Allors.Document.csproj", "{CFA2FD26-FE8C-4A7B-8BD0-7FD25DACE256}"
EndProject
Global
	GlobalSection(SolutionConfigurationPlatforms) = preSolution
		Debug|Any CPU = Debug|Any CPU
		Release|Any CPU = Release|Any CPU
	EndGlobalSection
	GlobalSection(ProjectConfigurationPlatforms) = postSolution
		{1D5F98CA-F091-47B3-9C88-058A765404C8}.Debug|Any CPU.ActiveCfg = Debug|Any CPU
		{1D5F98CA-F091-47B3-9C88-058A765404C8}.Debug|Any CPU.Build.0 = Debug|Any CPU
		{1D5F98CA-F091-47B3-9C88-058A765404C8}.Release|Any CPU.ActiveCfg = Release|Any CPU
		{1D5F98CA-F091-47B3-9C88-058A765404C8}.Release|Any CPU.Build.0 = Release|Any CPU
		{DB4EA9DA-6972-427A-9D55-B1F45E6E0E44}.Debug|Any CPU.ActiveCfg = Debug|Any CPU
		{DB4EA9DA-6972-427A-9D55-B1F45E6E0E44}.Debug|Any CPU.Build.0 = Debug|Any CPU
		{DB4EA9DA-6972-427A-9D55-B1F45E6E0E44}.Release|Any CPU.ActiveCfg = Release|Any CPU
		{DB4EA9DA-6972-427A-9D55-B1F45E6E0E44}.Release|Any CPU.Build.0 = Release|Any CPU
		{8514ADD6-BA50-4F48-8257-F50556DE6319}.Debug|Any CPU.ActiveCfg = Debug|Any CPU
		{8514ADD6-BA50-4F48-8257-F50556DE6319}.Debug|Any CPU.Build.0 = Debug|Any CPU
		{8514ADD6-BA50-4F48-8257-F50556DE6319}.Release|Any CPU.ActiveCfg = Release|Any CPU
		{8514ADD6-BA50-4F48-8257-F50556DE6319}.Release|Any CPU.Build.0 = Release|Any CPU
		{AE50E9CB-1536-49DD-B57A-AC770AD92FAE}.Debug|Any CPU.ActiveCfg = Debug|Any CPU
		{AE50E9CB-1536-49DD-B57A-AC770AD92FAE}.Debug|Any CPU.Build.0 = Debug|Any CPU
		{AE50E9CB-1536-49DD-B57A-AC770AD92FAE}.Release|Any CPU.ActiveCfg = Release|Any CPU
		{AE50E9CB-1536-49DD-B57A-AC770AD92FAE}.Release|Any CPU.Build.0 = Release|Any CPU
		{4CC90D31-775E-4A0E-8183-1ED53270D14D}.Debug|Any CPU.ActiveCfg = Debug|Any CPU
		{4CC90D31-775E-4A0E-8183-1ED53270D14D}.Debug|Any CPU.Build.0 = Debug|Any CPU
		{4CC90D31-775E-4A0E-8183-1ED53270D14D}.Release|Any CPU.ActiveCfg = Release|Any CPU
		{4CC90D31-775E-4A0E-8183-1ED53270D14D}.Release|Any CPU.Build.0 = Release|Any CPU
		{B01846A2-2E2B-4676-BE34-F9E14442F80F}.Debug|Any CPU.ActiveCfg = Debug|Any CPU
		{B01846A2-2E2B-4676-BE34-F9E14442F80F}.Debug|Any CPU.Build.0 = Debug|Any CPU
		{B01846A2-2E2B-4676-BE34-F9E14442F80F}.Release|Any CPU.ActiveCfg = Release|Any CPU
		{B01846A2-2E2B-4676-BE34-F9E14442F80F}.Release|Any CPU.Build.0 = Release|Any CPU
		{1ABE8E67-974F-4F03-A342-FFF0326A5B33}.Debug|Any CPU.ActiveCfg = Debug|Any CPU
		{1ABE8E67-974F-4F03-A342-FFF0326A5B33}.Debug|Any CPU.Build.0 = Debug|Any CPU
		{1ABE8E67-974F-4F03-A342-FFF0326A5B33}.Release|Any CPU.ActiveCfg = Release|Any CPU
		{1ABE8E67-974F-4F03-A342-FFF0326A5B33}.Release|Any CPU.Build.0 = Release|Any CPU
		{3D0C461F-487A-416A-9363-CC7F2DB61742}.Debug|Any CPU.ActiveCfg = Debug|Any CPU
		{3D0C461F-487A-416A-9363-CC7F2DB61742}.Debug|Any CPU.Build.0 = Debug|Any CPU
		{3D0C461F-487A-416A-9363-CC7F2DB61742}.Release|Any CPU.ActiveCfg = Release|Any CPU
		{3D0C461F-487A-416A-9363-CC7F2DB61742}.Release|Any CPU.Build.0 = Release|Any CPU
		{426E293B-83D5-4D88-9CBF-E8A7F8C598B3}.Debug|Any CPU.ActiveCfg = Debug|Any CPU
		{426E293B-83D5-4D88-9CBF-E8A7F8C598B3}.Debug|Any CPU.Build.0 = Debug|Any CPU
		{426E293B-83D5-4D88-9CBF-E8A7F8C598B3}.Release|Any CPU.ActiveCfg = Release|Any CPU
		{426E293B-83D5-4D88-9CBF-E8A7F8C598B3}.Release|Any CPU.Build.0 = Release|Any CPU
		{D9846BFF-C6F0-4C63-A630-BE0AAEBF7D5A}.Debug|Any CPU.ActiveCfg = Debug|Any CPU
		{D9846BFF-C6F0-4C63-A630-BE0AAEBF7D5A}.Debug|Any CPU.Build.0 = Debug|Any CPU
		{D9846BFF-C6F0-4C63-A630-BE0AAEBF7D5A}.Release|Any CPU.ActiveCfg = Release|Any CPU
		{D9846BFF-C6F0-4C63-A630-BE0AAEBF7D5A}.Release|Any CPU.Build.0 = Release|Any CPU
		{827BFEBC-F8FC-48ED-8FF4-866E9EB894B2}.Debug|Any CPU.ActiveCfg = Debug|Any CPU
		{827BFEBC-F8FC-48ED-8FF4-866E9EB894B2}.Debug|Any CPU.Build.0 = Debug|Any CPU
		{827BFEBC-F8FC-48ED-8FF4-866E9EB894B2}.Release|Any CPU.ActiveCfg = Release|Any CPU
		{827BFEBC-F8FC-48ED-8FF4-866E9EB894B2}.Release|Any CPU.Build.0 = Release|Any CPU
		{42E5FFD6-B902-4563-9C57-9A9CC158F2B4}.Debug|Any CPU.ActiveCfg = Debug|Any CPU
		{42E5FFD6-B902-4563-9C57-9A9CC158F2B4}.Debug|Any CPU.Build.0 = Debug|Any CPU
		{42E5FFD6-B902-4563-9C57-9A9CC158F2B4}.Release|Any CPU.ActiveCfg = Release|Any CPU
		{42E5FFD6-B902-4563-9C57-9A9CC158F2B4}.Release|Any CPU.Build.0 = Release|Any CPU
		{F92DFA69-3FDA-450C-874F-2E195879D043}.Debug|Any CPU.ActiveCfg = Debug|Any CPU
		{F92DFA69-3FDA-450C-874F-2E195879D043}.Debug|Any CPU.Build.0 = Debug|Any CPU
		{F92DFA69-3FDA-450C-874F-2E195879D043}.Release|Any CPU.ActiveCfg = Release|Any CPU
		{F92DFA69-3FDA-450C-874F-2E195879D043}.Release|Any CPU.Build.0 = Release|Any CPU
		{809F36E5-F7A2-4946-A369-B845F90DD9EE}.Debug|Any CPU.ActiveCfg = Debug|Any CPU
		{809F36E5-F7A2-4946-A369-B845F90DD9EE}.Debug|Any CPU.Build.0 = Debug|Any CPU
		{809F36E5-F7A2-4946-A369-B845F90DD9EE}.Release|Any CPU.ActiveCfg = Release|Any CPU
		{809F36E5-F7A2-4946-A369-B845F90DD9EE}.Release|Any CPU.Build.0 = Release|Any CPU
		{AEA025F1-5304-45AD-B1F1-7F7973EE6AED}.Debug|Any CPU.ActiveCfg = Debug|Any CPU
		{AEA025F1-5304-45AD-B1F1-7F7973EE6AED}.Debug|Any CPU.Build.0 = Debug|Any CPU
		{AEA025F1-5304-45AD-B1F1-7F7973EE6AED}.Release|Any CPU.ActiveCfg = Release|Any CPU
		{AEA025F1-5304-45AD-B1F1-7F7973EE6AED}.Release|Any CPU.Build.0 = Release|Any CPU
		{355E2992-2F7F-4177-9759-D43CA273904F}.Debug|Any CPU.ActiveCfg = Debug|Any CPU
		{355E2992-2F7F-4177-9759-D43CA273904F}.Debug|Any CPU.Build.0 = Debug|Any CPU
		{355E2992-2F7F-4177-9759-D43CA273904F}.Release|Any CPU.ActiveCfg = Release|Any CPU
		{355E2992-2F7F-4177-9759-D43CA273904F}.Release|Any CPU.Build.0 = Release|Any CPU
		{3EBD9227-C581-41D3-94B2-6CBFF3A91E10}.Debug|Any CPU.ActiveCfg = Debug|Any CPU
		{3EBD9227-C581-41D3-94B2-6CBFF3A91E10}.Debug|Any CPU.Build.0 = Debug|Any CPU
		{3EBD9227-C581-41D3-94B2-6CBFF3A91E10}.Release|Any CPU.ActiveCfg = Release|Any CPU
		{3EBD9227-C581-41D3-94B2-6CBFF3A91E10}.Release|Any CPU.Build.0 = Release|Any CPU
		{16D8DE42-25F5-4FD9-87D4-0FB1ABFA3EE2}.Debug|Any CPU.ActiveCfg = Debug|Any CPU
		{16D8DE42-25F5-4FD9-87D4-0FB1ABFA3EE2}.Debug|Any CPU.Build.0 = Debug|Any CPU
		{16D8DE42-25F5-4FD9-87D4-0FB1ABFA3EE2}.Release|Any CPU.ActiveCfg = Release|Any CPU
		{16D8DE42-25F5-4FD9-87D4-0FB1ABFA3EE2}.Release|Any CPU.Build.0 = Release|Any CPU
		{71278842-0445-4429-801A-CBE039A31F9E}.Debug|Any CPU.ActiveCfg = Debug|Any CPU
		{71278842-0445-4429-801A-CBE039A31F9E}.Debug|Any CPU.Build.0 = Debug|Any CPU
		{71278842-0445-4429-801A-CBE039A31F9E}.Release|Any CPU.ActiveCfg = Release|Any CPU
		{71278842-0445-4429-801A-CBE039A31F9E}.Release|Any CPU.Build.0 = Release|Any CPU
		{75B2E52A-C4B9-49A2-9296-EDEA1F985149}.Debug|Any CPU.ActiveCfg = Debug|Any CPU
		{75B2E52A-C4B9-49A2-9296-EDEA1F985149}.Debug|Any CPU.Build.0 = Debug|Any CPU
		{75B2E52A-C4B9-49A2-9296-EDEA1F985149}.Release|Any CPU.ActiveCfg = Release|Any CPU
		{75B2E52A-C4B9-49A2-9296-EDEA1F985149}.Release|Any CPU.Build.0 = Release|Any CPU
		{E5C2C561-3ADD-41E0-BBA4-04D682519F17}.Debug|Any CPU.ActiveCfg = Debug|Any CPU
		{E5C2C561-3ADD-41E0-BBA4-04D682519F17}.Debug|Any CPU.Build.0 = Debug|Any CPU
		{E5C2C561-3ADD-41E0-BBA4-04D682519F17}.Release|Any CPU.ActiveCfg = Release|Any CPU
		{E5C2C561-3ADD-41E0-BBA4-04D682519F17}.Release|Any CPU.Build.0 = Release|Any CPU
		{4EB4F244-DB88-4132-9469-D8879E7E286E}.Debug|Any CPU.ActiveCfg = Debug|Any CPU
		{4EB4F244-DB88-4132-9469-D8879E7E286E}.Debug|Any CPU.Build.0 = Debug|Any CPU
		{4EB4F244-DB88-4132-9469-D8879E7E286E}.Release|Any CPU.ActiveCfg = Release|Any CPU
		{4EB4F244-DB88-4132-9469-D8879E7E286E}.Release|Any CPU.Build.0 = Release|Any CPU
		{6DA57F66-6E59-43B9-A196-A903D6E49148}.Debug|Any CPU.ActiveCfg = Debug|Any CPU
		{6DA57F66-6E59-43B9-A196-A903D6E49148}.Debug|Any CPU.Build.0 = Debug|Any CPU
		{6DA57F66-6E59-43B9-A196-A903D6E49148}.Release|Any CPU.ActiveCfg = Release|Any CPU
		{6DA57F66-6E59-43B9-A196-A903D6E49148}.Release|Any CPU.Build.0 = Release|Any CPU
		{779633DE-AE34-460E-B066-900907EC68D5}.Debug|Any CPU.ActiveCfg = Debug|Any CPU
		{779633DE-AE34-460E-B066-900907EC68D5}.Debug|Any CPU.Build.0 = Debug|Any CPU
		{779633DE-AE34-460E-B066-900907EC68D5}.Release|Any CPU.ActiveCfg = Release|Any CPU
		{779633DE-AE34-460E-B066-900907EC68D5}.Release|Any CPU.Build.0 = Release|Any CPU
		{CFA2FD26-FE8C-4A7B-8BD0-7FD25DACE256}.Debug|Any CPU.ActiveCfg = Debug|Any CPU
		{CFA2FD26-FE8C-4A7B-8BD0-7FD25DACE256}.Debug|Any CPU.Build.0 = Debug|Any CPU
		{CFA2FD26-FE8C-4A7B-8BD0-7FD25DACE256}.Release|Any CPU.ActiveCfg = Release|Any CPU
		{CFA2FD26-FE8C-4A7B-8BD0-7FD25DACE256}.Release|Any CPU.Build.0 = Release|Any CPU
	EndGlobalSection
	GlobalSection(SolutionProperties) = preSolution
		HideSolutionNode = FALSE
	EndGlobalSection
	GlobalSection(NestedProjects) = preSolution
		{18152690-993E-4346-90BB-C099982229F5} = {D494C3BD-C224-4F0B-9F80-E557C5004D34}
		{1D5F98CA-F091-47B3-9C88-058A765404C8} = {18152690-993E-4346-90BB-C099982229F5}
		{DB4EA9DA-6972-427A-9D55-B1F45E6E0E44} = {18152690-993E-4346-90BB-C099982229F5}
		{8514ADD6-BA50-4F48-8257-F50556DE6319} = {18152690-993E-4346-90BB-C099982229F5}
		{3B8D3499-3717-4D22-9038-03FFB26F96B0} = {D494C3BD-C224-4F0B-9F80-E557C5004D34}
		{AE50E9CB-1536-49DD-B57A-AC770AD92FAE} = {3B8D3499-3717-4D22-9038-03FFB26F96B0}
		{4CC90D31-775E-4A0E-8183-1ED53270D14D} = {3B8D3499-3717-4D22-9038-03FFB26F96B0}
		{B01846A2-2E2B-4676-BE34-F9E14442F80F} = {3B8D3499-3717-4D22-9038-03FFB26F96B0}
		{3FE56C6E-7BA5-43FE-8F63-EDCCE0E9320B} = {D494C3BD-C224-4F0B-9F80-E557C5004D34}
		{1ABE8E67-974F-4F03-A342-FFF0326A5B33} = {3FE56C6E-7BA5-43FE-8F63-EDCCE0E9320B}
		{3D0C461F-487A-416A-9363-CC7F2DB61742} = {3FE56C6E-7BA5-43FE-8F63-EDCCE0E9320B}
		{426E293B-83D5-4D88-9CBF-E8A7F8C598B3} = {3FE56C6E-7BA5-43FE-8F63-EDCCE0E9320B}
		{B44B0DF2-979E-4BEE-B1E4-3B1928B23638} = {9081C2AF-C6B1-4713-B77F-84C5FBA250BA}
		{2E1072E0-A634-4F28-ACE6-B45E05BFEC8B} = {9081C2AF-C6B1-4713-B77F-84C5FBA250BA}
		{5CFB382A-20C4-4031-A42B-5B4AFD6501DD} = {9081C2AF-C6B1-4713-B77F-84C5FBA250BA}
		{D9846BFF-C6F0-4C63-A630-BE0AAEBF7D5A} = {B44B0DF2-979E-4BEE-B1E4-3B1928B23638}
		{827BFEBC-F8FC-48ED-8FF4-866E9EB894B2} = {B44B0DF2-979E-4BEE-B1E4-3B1928B23638}
		{42E5FFD6-B902-4563-9C57-9A9CC158F2B4} = {B44B0DF2-979E-4BEE-B1E4-3B1928B23638}
		{F92DFA69-3FDA-450C-874F-2E195879D043} = {B44B0DF2-979E-4BEE-B1E4-3B1928B23638}
		{809F36E5-F7A2-4946-A369-B845F90DD9EE} = {B44B0DF2-979E-4BEE-B1E4-3B1928B23638}
		{AEA025F1-5304-45AD-B1F1-7F7973EE6AED} = {B44B0DF2-979E-4BEE-B1E4-3B1928B23638}
		{355E2992-2F7F-4177-9759-D43CA273904F} = {B44B0DF2-979E-4BEE-B1E4-3B1928B23638}
		{3EBD9227-C581-41D3-94B2-6CBFF3A91E10} = {B44B0DF2-979E-4BEE-B1E4-3B1928B23638}
		{16D8DE42-25F5-4FD9-87D4-0FB1ABFA3EE2} = {2E1072E0-A634-4F28-ACE6-B45E05BFEC8B}
		{61462C79-870D-431C-A212-D848B343C519} = {5CFB382A-20C4-4031-A42B-5B4AFD6501DD}
		{7C623494-950E-4944-8CC3-975A3D28EE08} = {5CFB382A-20C4-4031-A42B-5B4AFD6501DD}
		{0503DA85-E705-4AE1-9456-33FE4869F4A8} = {7C623494-950E-4944-8CC3-975A3D28EE08}
		{71278842-0445-4429-801A-CBE039A31F9E} = {61462C79-870D-431C-A212-D848B343C519}
		{75B2E52A-C4B9-49A2-9296-EDEA1F985149} = {61462C79-870D-431C-A212-D848B343C519}
		{E5C2C561-3ADD-41E0-BBA4-04D682519F17} = {61462C79-870D-431C-A212-D848B343C519}
		{4EB4F244-DB88-4132-9469-D8879E7E286E} = {0503DA85-E705-4AE1-9456-33FE4869F4A8}
		{6DA57F66-6E59-43B9-A196-A903D6E49148} = {0503DA85-E705-4AE1-9456-33FE4869F4A8}
		{779633DE-AE34-460E-B066-900907EC68D5} = {7C623494-950E-4944-8CC3-975A3D28EE08}
		{18C96EC4-E1F8-43EA-833F-1B663F85CA07} = {168A84A7-21AD-4CC5-BFE5-2B9CE1483207}
		{6526CCCB-BFEF-4EFD-8E52-CC617661989D} = {18C96EC4-E1F8-43EA-833F-1B663F85CA07}
		{CFA2FD26-FE8C-4A7B-8BD0-7FD25DACE256} = {6526CCCB-BFEF-4EFD-8E52-CC617661989D}
	EndGlobalSection
	GlobalSection(ExtensibilityGlobals) = postSolution
		SolutionGuid = {00D78C3D-8536-4549-B1EE-C19BD0C50387}
	EndGlobalSection
EndGlobal
