
Microsoft Visual Studio Solution File, Format Version 12.00
# Visual Studio Version 16
VisualStudioVersion = 16.0.28922.388
MinimumVisualStudioVersion = 10.0.40219.1
Project("{2150E333-8FDC-42A3-9474-1A3956D46DE8}") = "Platform", "Platform", "{D494C3BD-C224-4F0B-9F80-E557C5004D34}"
EndProject
Project("{2150E333-8FDC-42A3-9474-1A3956D46DE8}") = "Repository", "Repository", "{3FE56C6E-7BA5-43FE-8F63-EDCCE0E9320B}"
EndProject
Project("{9A19103F-16F7-4668-BE54-9A1E7A4F7556}") = "Allors.Repository", "allors\Platform\Repository\Allors.Repository\Allors.Repository.csproj", "{1ABE8E67-974F-4F03-A342-FFF0326A5B33}"
EndProject
Project("{9A19103F-16F7-4668-BE54-9A1E7A4F7556}") = "Attributes", "allors\Platform\Repository\Domain\Attributes.csproj", "{3D0C461F-487A-416A-9363-CC7F2DB61742}"
EndProject
Project("{9A19103F-16F7-4668-BE54-9A1E7A4F7556}") = "Generate", "allors\Platform\Repository\Generate\Generate.csproj", "{426E293B-83D5-4D88-9CBF-E8A7F8C598B3}"
EndProject
Project("{2150E333-8FDC-42A3-9474-1A3956D46DE8}") = "Custom", "Custom", "{9081C2AF-C6B1-4713-B77F-84C5FBA250BA}"
EndProject
Project("{2150E333-8FDC-42A3-9474-1A3956D46DE8}") = "Database", "Database", "{B44B0DF2-979E-4BEE-B1E4-3B1928B23638}"
EndProject
Project("{2150E333-8FDC-42A3-9474-1A3956D46DE8}") = "Repository", "Repository", "{2E1072E0-A634-4F28-ACE6-B45E05BFEC8B}"
EndProject
Project("{9A19103F-16F7-4668-BE54-9A1E7A4F7556}") = "Domain", "next\Database\Domain\Domain.csproj", "{827BFEBC-F8FC-48ED-8FF4-866E9EB894B2}"
EndProject
Project("{9A19103F-16F7-4668-BE54-9A1E7A4F7556}") = "Domain.Tests", "next\Database\Domain.Tests\Domain.Tests.csproj", "{42E5FFD6-B902-4563-9C57-9A9CC158F2B4}"
EndProject
Project("{9A19103F-16F7-4668-BE54-9A1E7A4F7556}") = "Generate", "next\Database\Generate\Generate.csproj", "{F92DFA69-3FDA-450C-874F-2E195879D043}"
EndProject
Project("{9A19103F-16F7-4668-BE54-9A1E7A4F7556}") = "Meta", "next\Database\Meta\Meta.csproj", "{809F36E5-F7A2-4946-A369-B845F90DD9EE}"
EndProject
Project("{9A19103F-16F7-4668-BE54-9A1E7A4F7556}") = "Resources", "next\Database\Resources\Resources.csproj", "{AEA025F1-5304-45AD-B1F1-7F7973EE6AED}"
EndProject
Project("{9A19103F-16F7-4668-BE54-9A1E7A4F7556}") = "Services", "next\Database\Services\Services.csproj", "{3EBD9227-C581-41D3-94B2-6CBFF3A91E10}"
EndProject
Project("{9A19103F-16F7-4668-BE54-9A1E7A4F7556}") = "Repository", "next\Repository\Domain\Repository.csproj", "{16D8DE42-25F5-4FD9-87D4-0FB1ABFA3EE2}"
EndProject
Project("{2150E333-8FDC-42A3-9474-1A3956D46DE8}") = "Database", "Database", "{855E55DE-228F-4FA5-9EEB-D176F44F2C84}"
EndProject
Project("{2150E333-8FDC-42A3-9474-1A3956D46DE8}") = "Protocol", "Protocol", "{FED6EA34-5EFE-4313-B29B-59466F680AE9}"
EndProject
Project("{2150E333-8FDC-42A3-9474-1A3956D46DE8}") = "Adapters", "Adapters", "{671C4CB2-2033-4AB6-B5E1-2891592F2637}"
EndProject
Project("{9A19103F-16F7-4668-BE54-9A1E7A4F7556}") = "Allors.Database", "allors\Platform\Database\Allors.Database\Allors.Database.csproj", "{A7541A4A-03A1-472F-876F-56366D8A08C4}"
EndProject
Project("{9A19103F-16F7-4668-BE54-9A1E7A4F7556}") = "Allors.Database.Adapters.Memory", "allors\Platform\Database\Adapters\Allors.Database.Adapters.Memory\Allors.Database.Adapters.Memory.csproj", "{6FFDC211-5995-4959-8894-E4A5E349128A}"
EndProject
Project("{9A19103F-16F7-4668-BE54-9A1E7A4F7556}") = "Allors.Protocol", "allors\Platform\Protocol\Allors.Protocol\Allors.Protocol.csproj", "{446831B6-C3FC-4B9D-AF30-F39AE4969DD4}"
EndProject
Project("{2150E333-8FDC-42A3-9474-1A3956D46DE8}") = "Allors", "Allors", "{EBDA2751-6CCE-4D8E-89F4-BE2DBE7FDCF4}"
EndProject
Global
	GlobalSection(SolutionConfigurationPlatforms) = preSolution
		Debug|Any CPU = Debug|Any CPU
		Release|Any CPU = Release|Any CPU
	EndGlobalSection
	GlobalSection(ProjectConfigurationPlatforms) = postSolution
		{1ABE8E67-974F-4F03-A342-FFF0326A5B33}.Debug|Any CPU.ActiveCfg = Debug|Any CPU
		{1ABE8E67-974F-4F03-A342-FFF0326A5B33}.Debug|Any CPU.Build.0 = Debug|Any CPU
		{1ABE8E67-974F-4F03-A342-FFF0326A5B33}.Release|Any CPU.ActiveCfg = Release|Any CPU
		{1ABE8E67-974F-4F03-A342-FFF0326A5B33}.Release|Any CPU.Build.0 = Release|Any CPU
		{3D0C461F-487A-416A-9363-CC7F2DB61742}.Debug|Any CPU.ActiveCfg = Debug|Any CPU
		{3D0C461F-487A-416A-9363-CC7F2DB61742}.Debug|Any CPU.Build.0 = Debug|Any CPU
		{3D0C461F-487A-416A-9363-CC7F2DB61742}.Release|Any CPU.ActiveCfg = Release|Any CPU
		{3D0C461F-487A-416A-9363-CC7F2DB61742}.Release|Any CPU.Build.0 = Release|Any CPU
		{426E293B-83D5-4D88-9CBF-E8A7F8C598B3}.Debug|Any CPU.ActiveCfg = Debug|Any CPU
		{426E293B-83D5-4D88-9CBF-E8A7F8C598B3}.Debug|Any CPU.Build.0 = Debug|Any CPU
		{426E293B-83D5-4D88-9CBF-E8A7F8C598B3}.Release|Any CPU.ActiveCfg = Release|Any CPU
		{426E293B-83D5-4D88-9CBF-E8A7F8C598B3}.Release|Any CPU.Build.0 = Release|Any CPU
		{827BFEBC-F8FC-48ED-8FF4-866E9EB894B2}.Debug|Any CPU.ActiveCfg = Debug|Any CPU
		{827BFEBC-F8FC-48ED-8FF4-866E9EB894B2}.Debug|Any CPU.Build.0 = Debug|Any CPU
		{827BFEBC-F8FC-48ED-8FF4-866E9EB894B2}.Release|Any CPU.ActiveCfg = Release|Any CPU
		{827BFEBC-F8FC-48ED-8FF4-866E9EB894B2}.Release|Any CPU.Build.0 = Release|Any CPU
		{42E5FFD6-B902-4563-9C57-9A9CC158F2B4}.Debug|Any CPU.ActiveCfg = Debug|Any CPU
		{42E5FFD6-B902-4563-9C57-9A9CC158F2B4}.Debug|Any CPU.Build.0 = Debug|Any CPU
		{42E5FFD6-B902-4563-9C57-9A9CC158F2B4}.Release|Any CPU.ActiveCfg = Release|Any CPU
		{42E5FFD6-B902-4563-9C57-9A9CC158F2B4}.Release|Any CPU.Build.0 = Release|Any CPU
		{F92DFA69-3FDA-450C-874F-2E195879D043}.Debug|Any CPU.ActiveCfg = Debug|Any CPU
		{F92DFA69-3FDA-450C-874F-2E195879D043}.Debug|Any CPU.Build.0 = Debug|Any CPU
		{F92DFA69-3FDA-450C-874F-2E195879D043}.Release|Any CPU.ActiveCfg = Release|Any CPU
		{F92DFA69-3FDA-450C-874F-2E195879D043}.Release|Any CPU.Build.0 = Release|Any CPU
		{809F36E5-F7A2-4946-A369-B845F90DD9EE}.Debug|Any CPU.ActiveCfg = Debug|Any CPU
		{809F36E5-F7A2-4946-A369-B845F90DD9EE}.Debug|Any CPU.Build.0 = Debug|Any CPU
		{809F36E5-F7A2-4946-A369-B845F90DD9EE}.Release|Any CPU.ActiveCfg = Release|Any CPU
		{809F36E5-F7A2-4946-A369-B845F90DD9EE}.Release|Any CPU.Build.0 = Release|Any CPU
		{AEA025F1-5304-45AD-B1F1-7F7973EE6AED}.Debug|Any CPU.ActiveCfg = Debug|Any CPU
		{AEA025F1-5304-45AD-B1F1-7F7973EE6AED}.Debug|Any CPU.Build.0 = Debug|Any CPU
		{AEA025F1-5304-45AD-B1F1-7F7973EE6AED}.Release|Any CPU.ActiveCfg = Release|Any CPU
		{AEA025F1-5304-45AD-B1F1-7F7973EE6AED}.Release|Any CPU.Build.0 = Release|Any CPU
		{3EBD9227-C581-41D3-94B2-6CBFF3A91E10}.Debug|Any CPU.ActiveCfg = Debug|Any CPU
		{3EBD9227-C581-41D3-94B2-6CBFF3A91E10}.Debug|Any CPU.Build.0 = Debug|Any CPU
		{3EBD9227-C581-41D3-94B2-6CBFF3A91E10}.Release|Any CPU.ActiveCfg = Release|Any CPU
		{3EBD9227-C581-41D3-94B2-6CBFF3A91E10}.Release|Any CPU.Build.0 = Release|Any CPU
		{16D8DE42-25F5-4FD9-87D4-0FB1ABFA3EE2}.Debug|Any CPU.ActiveCfg = Debug|Any CPU
		{16D8DE42-25F5-4FD9-87D4-0FB1ABFA3EE2}.Debug|Any CPU.Build.0 = Debug|Any CPU
		{16D8DE42-25F5-4FD9-87D4-0FB1ABFA3EE2}.Release|Any CPU.ActiveCfg = Release|Any CPU
		{16D8DE42-25F5-4FD9-87D4-0FB1ABFA3EE2}.Release|Any CPU.Build.0 = Release|Any CPU
		{A7541A4A-03A1-472F-876F-56366D8A08C4}.Debug|Any CPU.ActiveCfg = Debug|Any CPU
		{A7541A4A-03A1-472F-876F-56366D8A08C4}.Debug|Any CPU.Build.0 = Debug|Any CPU
		{A7541A4A-03A1-472F-876F-56366D8A08C4}.Release|Any CPU.ActiveCfg = Release|Any CPU
		{A7541A4A-03A1-472F-876F-56366D8A08C4}.Release|Any CPU.Build.0 = Release|Any CPU
		{6FFDC211-5995-4959-8894-E4A5E349128A}.Debug|Any CPU.ActiveCfg = Debug|Any CPU
		{6FFDC211-5995-4959-8894-E4A5E349128A}.Debug|Any CPU.Build.0 = Debug|Any CPU
		{6FFDC211-5995-4959-8894-E4A5E349128A}.Release|Any CPU.ActiveCfg = Release|Any CPU
		{6FFDC211-5995-4959-8894-E4A5E349128A}.Release|Any CPU.Build.0 = Release|Any CPU
		{446831B6-C3FC-4B9D-AF30-F39AE4969DD4}.Debug|Any CPU.ActiveCfg = Debug|Any CPU
		{446831B6-C3FC-4B9D-AF30-F39AE4969DD4}.Debug|Any CPU.Build.0 = Debug|Any CPU
		{446831B6-C3FC-4B9D-AF30-F39AE4969DD4}.Release|Any CPU.ActiveCfg = Release|Any CPU
		{446831B6-C3FC-4B9D-AF30-F39AE4969DD4}.Release|Any CPU.Build.0 = Release|Any CPU
	EndGlobalSection
	GlobalSection(SolutionProperties) = preSolution
		HideSolutionNode = FALSE
	EndGlobalSection
	GlobalSection(NestedProjects) = preSolution
		{D494C3BD-C224-4F0B-9F80-E557C5004D34} = {EBDA2751-6CCE-4D8E-89F4-BE2DBE7FDCF4}
		{3FE56C6E-7BA5-43FE-8F63-EDCCE0E9320B} = {D494C3BD-C224-4F0B-9F80-E557C5004D34}
		{1ABE8E67-974F-4F03-A342-FFF0326A5B33} = {3FE56C6E-7BA5-43FE-8F63-EDCCE0E9320B}
		{3D0C461F-487A-416A-9363-CC7F2DB61742} = {3FE56C6E-7BA5-43FE-8F63-EDCCE0E9320B}
		{426E293B-83D5-4D88-9CBF-E8A7F8C598B3} = {3FE56C6E-7BA5-43FE-8F63-EDCCE0E9320B}
		{B44B0DF2-979E-4BEE-B1E4-3B1928B23638} = {9081C2AF-C6B1-4713-B77F-84C5FBA250BA}
		{2E1072E0-A634-4F28-ACE6-B45E05BFEC8B} = {9081C2AF-C6B1-4713-B77F-84C5FBA250BA}
		{827BFEBC-F8FC-48ED-8FF4-866E9EB894B2} = {B44B0DF2-979E-4BEE-B1E4-3B1928B23638}
		{42E5FFD6-B902-4563-9C57-9A9CC158F2B4} = {B44B0DF2-979E-4BEE-B1E4-3B1928B23638}
		{F92DFA69-3FDA-450C-874F-2E195879D043} = {B44B0DF2-979E-4BEE-B1E4-3B1928B23638}
		{809F36E5-F7A2-4946-A369-B845F90DD9EE} = {B44B0DF2-979E-4BEE-B1E4-3B1928B23638}
		{AEA025F1-5304-45AD-B1F1-7F7973EE6AED} = {B44B0DF2-979E-4BEE-B1E4-3B1928B23638}
		{3EBD9227-C581-41D3-94B2-6CBFF3A91E10} = {B44B0DF2-979E-4BEE-B1E4-3B1928B23638}
		{16D8DE42-25F5-4FD9-87D4-0FB1ABFA3EE2} = {2E1072E0-A634-4F28-ACE6-B45E05BFEC8B}
		{855E55DE-228F-4FA5-9EEB-D176F44F2C84} = {D494C3BD-C224-4F0B-9F80-E557C5004D34}
		{FED6EA34-5EFE-4313-B29B-59466F680AE9} = {D494C3BD-C224-4F0B-9F80-E557C5004D34}
		{671C4CB2-2033-4AB6-B5E1-2891592F2637} = {855E55DE-228F-4FA5-9EEB-D176F44F2C84}
		{A7541A4A-03A1-472F-876F-56366D8A08C4} = {855E55DE-228F-4FA5-9EEB-D176F44F2C84}
		{6FFDC211-5995-4959-8894-E4A5E349128A} = {671C4CB2-2033-4AB6-B5E1-2891592F2637}
		{446831B6-C3FC-4B9D-AF30-F39AE4969DD4} = {FED6EA34-5EFE-4313-B29B-59466F680AE9}
	EndGlobalSection
	GlobalSection(ExtensibilityGlobals) = postSolution
		SolutionGuid = {00D78C3D-8536-4549-B1EE-C19BD0C50387}
	EndGlobalSection
EndGlobal
